// !$*UTF8*$!
{
	archiveVersion = 1;
	classes = {
	};
	objectVersion = 50;
	objects = {

/* Begin PBXBuildFile section */
		891647682605102500A9AB2E /* SettingController.swift in Sources */ = {isa = PBXBuildFile; fileRef = 891647672605102500A9AB2E /* SettingController.swift */; };
		8916476B2605161300A9AB2E /* SettingDetailController.swift in Sources */ = {isa = PBXBuildFile; fileRef = 8916476A2605161300A9AB2E /* SettingDetailController.swift */; };
		891EB05C2611AA0C00E51080 /* CountDownListSetViewController.swift in Sources */ = {isa = PBXBuildFile; fileRef = 891EB05B2611AA0C00E51080 /* CountDownListSetViewController.swift */; };
		893448C426033D99008751C3 /* TtsService.swift in Sources */ = {isa = PBXBuildFile; fileRef = 893448C326033D99008751C3 /* TtsService.swift */; };
		8944E0A726046BF500CB36E1 /* TaDa.mp3 in Resources */ = {isa = PBXBuildFile; fileRef = 8944E0A626046BF500CB36E1 /* TaDa.mp3 */; };
		8944E0AA260471BE00CB36E1 /* Magic Wand Noise.mp3 in Resources */ = {isa = PBXBuildFile; fileRef = 8944E0A9260471BE00CB36E1 /* Magic Wand Noise.mp3 */; };
		8944E0B0260471CB00CB36E1 /* Bye Bye.mp3 in Resources */ = {isa = PBXBuildFile; fileRef = 8944E0AC260471CB00CB36E1 /* Bye Bye.mp3 */; };
		8944E0B1260471CB00CB36E1 /* jingles.mp3 in Resources */ = {isa = PBXBuildFile; fileRef = 8944E0AD260471CB00CB36E1 /* jingles.mp3 */; };
		8944E0B2260471CB00CB36E1 /* Winning Triumphal Fanfare.mp3 in Resources */ = {isa = PBXBuildFile; fileRef = 8944E0AE260471CB00CB36E1 /* Winning Triumphal Fanfare.mp3 */; };
		8944E0B3260471CB00CB36E1 /* 5 Sec Crowd Cheer.mp3 in Resources */ = {isa = PBXBuildFile; fileRef = 8944E0AF260471CB00CB36E1 /* 5 Sec Crowd Cheer.mp3 */; };
		8944E0B62604727900CB36E1 /* SoundEffectService.swift in Sources */ = {isa = PBXBuildFile; fileRef = 8944E0B52604727900CB36E1 /* SoundEffectService.swift */; };
		8946EB1D260C322A0025C60E /* CountDownSetController.swift in Sources */ = {isa = PBXBuildFile; fileRef = 8946EB1C260C322A0025C60E /* CountDownSetController.swift */; };
		8946EB20260C46AB0025C60E /* CountDownListViewController.swift in Sources */ = {isa = PBXBuildFile; fileRef = 8946EB1F260C46AB0025C60E /* CountDownListViewController.swift */; };
		89845CD42614748B00E882F7 /* ListManageService.swift in Sources */ = {isa = PBXBuildFile; fileRef = 89845CD32614748B00E882F7 /* ListManageService.swift */; };
		89892B15260CF81500D0FA9C /* CountDownSetData.swift in Sources */ = {isa = PBXBuildFile; fileRef = 89892B14260CF81500D0FA9C /* CountDownSetData.swift */; };
		89892B1C260D018D00D0FA9C /* dataList.json in Resources */ = {isa = PBXBuildFile; fileRef = 89892B1B260D018D00D0FA9C /* dataList.json */; };
		89CDE57B260085F50001143F /* AppDelegate.swift in Sources */ = {isa = PBXBuildFile; fileRef = 89CDE57A260085F50001143F /* AppDelegate.swift */; };
		89CDE57D260085F50001143F /* SceneDelegate.swift in Sources */ = {isa = PBXBuildFile; fileRef = 89CDE57C260085F50001143F /* SceneDelegate.swift */; };
		89CDE57F260085F50001143F /* ViewController.swift in Sources */ = {isa = PBXBuildFile; fileRef = 89CDE57E260085F50001143F /* ViewController.swift */; };
		89CDE582260085F50001143F /* Main.storyboard in Resources */ = {isa = PBXBuildFile; fileRef = 89CDE580260085F50001143F /* Main.storyboard */; };
		89CDE584260085F60001143F /* Assets.xcassets in Resources */ = {isa = PBXBuildFile; fileRef = 89CDE583260085F60001143F /* Assets.xcassets */; };
		89CDE587260085F60001143F /* LaunchScreen.storyboard in Resources */ = {isa = PBXBuildFile; fileRef = 89CDE585260085F60001143F /* LaunchScreen.storyboard */; };
		89D284B5260B1CA400E870A9 /* StopWatchController.swift in Sources */ = {isa = PBXBuildFile; fileRef = 89D284B4260B1CA400E870A9 /* StopWatchController.swift */; };
		89D35870260253A200E6C91A /* CircleButton.swift in Sources */ = {isa = PBXBuildFile; fileRef = 89D3586F260253A200E6C91A /* CircleButton.swift */; };
/* End PBXBuildFile section */

/* Begin PBXFileReference section */
		891647672605102500A9AB2E /* SettingController.swift */ = {isa = PBXFileReference; lastKnownFileType = sourcecode.swift; path = SettingController.swift; sourceTree = "<group>"; };
		8916476A2605161300A9AB2E /* SettingDetailController.swift */ = {isa = PBXFileReference; lastKnownFileType = sourcecode.swift; path = SettingDetailController.swift; sourceTree = "<group>"; };
		891EB05B2611AA0C00E51080 /* CountDownListSetViewController.swift */ = {isa = PBXFileReference; lastKnownFileType = sourcecode.swift; path = CountDownListSetViewController.swift; sourceTree = "<group>"; };
		893448C326033D99008751C3 /* TtsService.swift */ = {isa = PBXFileReference; lastKnownFileType = sourcecode.swift; path = TtsService.swift; sourceTree = "<group>"; };
		8944E0A626046BF500CB36E1 /* TaDa.mp3 */ = {isa = PBXFileReference; lastKnownFileType = audio.mp3; path = TaDa.mp3; sourceTree = "<group>"; };
		8944E0A9260471BE00CB36E1 /* Magic Wand Noise.mp3 */ = {isa = PBXFileReference; lastKnownFileType = audio.mp3; path = "Magic Wand Noise.mp3"; sourceTree = "<group>"; };
		8944E0AC260471CB00CB36E1 /* Bye Bye.mp3 */ = {isa = PBXFileReference; lastKnownFileType = audio.mp3; path = "Bye Bye.mp3"; sourceTree = "<group>"; };
		8944E0AD260471CB00CB36E1 /* jingles.mp3 */ = {isa = PBXFileReference; lastKnownFileType = audio.mp3; path = jingles.mp3; sourceTree = "<group>"; };
		8944E0AE260471CB00CB36E1 /* Winning Triumphal Fanfare.mp3 */ = {isa = PBXFileReference; lastKnownFileType = audio.mp3; path = "Winning Triumphal Fanfare.mp3"; sourceTree = "<group>"; };
		8944E0AF260471CB00CB36E1 /* 5 Sec Crowd Cheer.mp3 */ = {isa = PBXFileReference; lastKnownFileType = audio.mp3; path = "5 Sec Crowd Cheer.mp3"; sourceTree = "<group>"; };
		8944E0B52604727900CB36E1 /* SoundEffectService.swift */ = {isa = PBXFileReference; lastKnownFileType = sourcecode.swift; path = SoundEffectService.swift; sourceTree = "<group>"; };
		8946EB1C260C322A0025C60E /* CountDownSetController.swift */ = {isa = PBXFileReference; lastKnownFileType = sourcecode.swift; path = CountDownSetController.swift; sourceTree = "<group>"; };
		8946EB1F260C46AB0025C60E /* CountDownListViewController.swift */ = {isa = PBXFileReference; lastKnownFileType = sourcecode.swift; path = CountDownListViewController.swift; sourceTree = "<group>"; };
		89845CD32614748B00E882F7 /* ListManageService.swift */ = {isa = PBXFileReference; lastKnownFileType = sourcecode.swift; path = ListManageService.swift; sourceTree = "<group>"; };
		89892B14260CF81500D0FA9C /* CountDownSetData.swift */ = {isa = PBXFileReference; lastKnownFileType = sourcecode.swift; path = CountDownSetData.swift; sourceTree = "<group>"; };
		89892B1B260D018D00D0FA9C /* dataList.json */ = {isa = PBXFileReference; lastKnownFileType = text.json; name = dataList.json; path = timerApp/Assets.xcassets/dataList.dataset/dataList.json; sourceTree = "<group>"; };
		89CDE577260085F50001143F /* timerApp.app */ = {isa = PBXFileReference; explicitFileType = wrapper.application; includeInIndex = 0; path = timerApp.app; sourceTree = BUILT_PRODUCTS_DIR; };
		89CDE57A260085F50001143F /* AppDelegate.swift */ = {isa = PBXFileReference; lastKnownFileType = sourcecode.swift; path = AppDelegate.swift; sourceTree = "<group>"; };
		89CDE57C260085F50001143F /* SceneDelegate.swift */ = {isa = PBXFileReference; lastKnownFileType = sourcecode.swift; path = SceneDelegate.swift; sourceTree = "<group>"; };
		89CDE57E260085F50001143F /* ViewController.swift */ = {isa = PBXFileReference; lastKnownFileType = sourcecode.swift; path = ViewController.swift; sourceTree = "<group>"; };
		89CDE581260085F50001143F /* Base */ = {isa = PBXFileReference; lastKnownFileType = file.storyboard; name = Base; path = Base.lproj/Main.storyboard; sourceTree = "<group>"; };
		89CDE583260085F60001143F /* Assets.xcassets */ = {isa = PBXFileReference; lastKnownFileType = folder.assetcatalog; path = Assets.xcassets; sourceTree = "<group>"; };
		89CDE586260085F60001143F /* Base */ = {isa = PBXFileReference; lastKnownFileType = file.storyboard; name = Base; path = Base.lproj/LaunchScreen.storyboard; sourceTree = "<group>"; };
		89CDE588260085F60001143F /* Info.plist */ = {isa = PBXFileReference; lastKnownFileType = text.plist.xml; path = Info.plist; sourceTree = "<group>"; };
		89D284B4260B1CA400E870A9 /* StopWatchController.swift */ = {isa = PBXFileReference; lastKnownFileType = sourcecode.swift; path = StopWatchController.swift; sourceTree = "<group>"; };
		89D3586F260253A200E6C91A /* CircleButton.swift */ = {isa = PBXFileReference; lastKnownFileType = sourcecode.swift; path = CircleButton.swift; sourceTree = "<group>"; };
/* End PBXFileReference section */

/* Begin PBXFrameworksBuildPhase section */
		89CDE574260085F50001143F /* Frameworks */ = {
			isa = PBXFrameworksBuildPhase;
			buildActionMask = 2147483647;
			files = (
			);
			runOnlyForDeploymentPostprocessing = 0;
		};
/* End PBXFrameworksBuildPhase section */

/* Begin PBXGroup section */
		8944E0A126046B5A00CB36E1 /* Resource */ = {
			isa = PBXGroup;
			children = (
				8944E0AF260471CB00CB36E1 /* 5 Sec Crowd Cheer.mp3 */,
				8944E0AC260471CB00CB36E1 /* Bye Bye.mp3 */,
				8944E0AD260471CB00CB36E1 /* jingles.mp3 */,
				8944E0AE260471CB00CB36E1 /* Winning Triumphal Fanfare.mp3 */,
				8944E0A9260471BE00CB36E1 /* Magic Wand Noise.mp3 */,
				8944E0A626046BF500CB36E1 /* TaDa.mp3 */,
			);
			name = Resource;
			sourceTree = "<group>";
		};
		89845CD1261473C200E882F7 /* CountDown */ = {
			isa = PBXGroup;
			children = (
				89CDE57E260085F50001143F /* ViewController.swift */,
			);
			path = CountDown;
			sourceTree = "<group>";
		};
		89BB098E261470E10013321A /* Setting */ = {
			isa = PBXGroup;
			children = (
				891647672605102500A9AB2E /* SettingController.swift */,
				8916476A2605161300A9AB2E /* SettingDetailController.swift */,
			);
			path = Setting;
			sourceTree = "<group>";
		};
		89BB0991261471490013321A /* CountDownSet */ = {
			isa = PBXGroup;
			children = (
				8946EB1C260C322A0025C60E /* CountDownSetController.swift */,
				8946EB1F260C46AB0025C60E /* CountDownListViewController.swift */,
				891EB05B2611AA0C00E51080 /* CountDownListSetViewController.swift */,
				89845CD32614748B00E882F7 /* ListManageService.swift */,
			);
			path = CountDownSet;
			sourceTree = "<group>";
		};
		89BB0992261471FB0013321A /* Common */ = {
			isa = PBXGroup;
			children = (
				89D3586F260253A200E6C91A /* CircleButton.swift */,
				893448C326033D99008751C3 /* TtsService.swift */,
				8944E0B52604727900CB36E1 /* SoundEffectService.swift */,
				89892B14260CF81500D0FA9C /* CountDownSetData.swift */,
			);
			path = Common;
			sourceTree = "<group>";
		};
		89BB0994261473110013321A /* StopWatch */ = {
			isa = PBXGroup;
			children = (
				89D284B4260B1CA400E870A9 /* StopWatchController.swift */,
			);
			path = StopWatch;
			sourceTree = "<group>";
		};
		89CDE56E260085F50001143F = {
			isa = PBXGroup;
			children = (
				89892B1B260D018D00D0FA9C /* dataList.json */,
				8944E0A126046B5A00CB36E1 /* Resource */,
				89CDE579260085F50001143F /* timerApp */,
				89CDE578260085F50001143F /* Products */,
			);
			sourceTree = "<group>";
		};
		89CDE578260085F50001143F /* Products */ = {
			isa = PBXGroup;
			children = (
				89CDE577260085F50001143F /* timerApp.app */,
			);
			name = Products;
			sourceTree = "<group>";
		};
		89CDE579260085F50001143F /* timerApp */ = {
			isa = PBXGroup;
			children = (
				89845CD1261473C200E882F7 /* CountDown */,
				89BB0991261471490013321A /* CountDownSet */,
				89BB0994261473110013321A /* StopWatch */,
				89BB098E261470E10013321A /* Setting */,
				89BB0992261471FB0013321A /* Common */,
				89CDE57A260085F50001143F /* AppDelegate.swift */,
				89CDE57C260085F50001143F /* SceneDelegate.swift */,
				89CDE580260085F50001143F /* Main.storyboard */,
				89CDE583260085F60001143F /* Assets.xcassets */,
				89CDE585260085F60001143F /* LaunchScreen.storyboard */,
				89CDE588260085F60001143F /* Info.plist */,
			);
			path = timerApp;
			sourceTree = "<group>";
		};
/* End PBXGroup section */

/* Begin PBXNativeTarget section */
		89CDE576260085F50001143F /* timerApp */ = {
			isa = PBXNativeTarget;
			buildConfigurationList = 89CDE58B260085F60001143F /* Build configuration list for PBXNativeTarget "timerApp" */;
			buildPhases = (
				89CDE573260085F50001143F /* Sources */,
				89CDE574260085F50001143F /* Frameworks */,
				89CDE575260085F50001143F /* Resources */,
			);
			buildRules = (
			);
			dependencies = (
			);
			name = timerApp;
			productName = timerApp;
			productReference = 89CDE577260085F50001143F /* timerApp.app */;
			productType = "com.apple.product-type.application";
		};
/* End PBXNativeTarget section */

/* Begin PBXProject section */
		89CDE56F260085F50001143F /* Project object */ = {
			isa = PBXProject;
			attributes = {
				LastSwiftUpdateCheck = 1240;
				LastUpgradeCheck = 1240;
				TargetAttributes = {
					89CDE576260085F50001143F = {
						CreatedOnToolsVersion = 12.4;
					};
				};
			};
			buildConfigurationList = 89CDE572260085F50001143F /* Build configuration list for PBXProject "timerApp" */;
			compatibilityVersion = "Xcode 9.3";
			developmentRegion = en;
			hasScannedForEncodings = 0;
			knownRegions = (
				en,
				Base,
			);
			mainGroup = 89CDE56E260085F50001143F;
			productRefGroup = 89CDE578260085F50001143F /* Products */;
			projectDirPath = "";
			projectRoot = "";
			targets = (
				89CDE576260085F50001143F /* timerApp */,
			);
		};
/* End PBXProject section */

/* Begin PBXResourcesBuildPhase section */
		89CDE575260085F50001143F /* Resources */ = {
			isa = PBXResourcesBuildPhase;
			buildActionMask = 2147483647;
			files = (
				89892B1C260D018D00D0FA9C /* dataList.json in Resources */,
				8944E0A726046BF500CB36E1 /* TaDa.mp3 in Resources */,
				8944E0B0260471CB00CB36E1 /* Bye Bye.mp3 in Resources */,
				89CDE587260085F60001143F /* LaunchScreen.storyboard in Resources */,
				89CDE584260085F60001143F /* Assets.xcassets in Resources */,
				89CDE582260085F50001143F /* Main.storyboard in Resources */,
				8944E0B3260471CB00CB36E1 /* 5 Sec Crowd Cheer.mp3 in Resources */,
				8944E0B1260471CB00CB36E1 /* jingles.mp3 in Resources */,
				8944E0B2260471CB00CB36E1 /* Winning Triumphal Fanfare.mp3 in Resources */,
				8944E0AA260471BE00CB36E1 /* Magic Wand Noise.mp3 in Resources */,
			);
			runOnlyForDeploymentPostprocessing = 0;
		};
/* End PBXResourcesBuildPhase section */

/* Begin PBXSourcesBuildPhase section */
		89CDE573260085F50001143F /* Sources */ = {
			isa = PBXSourcesBuildPhase;
			buildActionMask = 2147483647;
			files = (
				89CDE57F260085F50001143F /* ViewController.swift in Sources */,
				89D284B5260B1CA400E870A9 /* StopWatchController.swift in Sources */,
				893448C426033D99008751C3 /* TtsService.swift in Sources */,
				8944E0B62604727900CB36E1 /* SoundEffectService.swift in Sources */,
				89892B15260CF81500D0FA9C /* CountDownSetData.swift in Sources */,
				8946EB1D260C322A0025C60E /* CountDownSetController.swift in Sources */,
				89CDE57B260085F50001143F /* AppDelegate.swift in Sources */,
				891EB05C2611AA0C00E51080 /* CountDownListSetViewController.swift in Sources */,
				8946EB20260C46AB0025C60E /* CountDownListViewController.swift in Sources */,
				89CDE57D260085F50001143F /* SceneDelegate.swift in Sources */,
				8916476B2605161300A9AB2E /* SettingDetailController.swift in Sources */,
				89D35870260253A200E6C91A /* CircleButton.swift in Sources */,
				89845CD42614748B00E882F7 /* ListManageService.swift in Sources */,
				891647682605102500A9AB2E /* SettingController.swift in Sources */,
			);
			runOnlyForDeploymentPostprocessing = 0;
		};
/* End PBXSourcesBuildPhase section */

/* Begin PBXVariantGroup section */
		89CDE580260085F50001143F /* Main.storyboard */ = {
			isa = PBXVariantGroup;
			children = (
				89CDE581260085F50001143F /* Base */,
			);
			name = Main.storyboard;
			sourceTree = "<group>";
		};
		89CDE585260085F60001143F /* LaunchScreen.storyboard */ = {
			isa = PBXVariantGroup;
			children = (
				89CDE586260085F60001143F /* Base */,
			);
			name = LaunchScreen.storyboard;
			sourceTree = "<group>";
		};
/* End PBXVariantGroup section */

/* Begin XCBuildConfiguration section */
		89CDE589260085F60001143F /* Debug */ = {
			isa = XCBuildConfiguration;
			buildSettings = {
				ALWAYS_SEARCH_USER_PATHS = NO;
				CLANG_ANALYZER_NONNULL = YES;
				CLANG_ANALYZER_NUMBER_OBJECT_CONVERSION = YES_AGGRESSIVE;
				CLANG_CXX_LANGUAGE_STANDARD = "gnu++14";
				CLANG_CXX_LIBRARY = "libc++";
				CLANG_ENABLE_MODULES = YES;
				CLANG_ENABLE_OBJC_ARC = YES;
				CLANG_ENABLE_OBJC_WEAK = YES;
				CLANG_WARN_BLOCK_CAPTURE_AUTORELEASING = YES;
				CLANG_WARN_BOOL_CONVERSION = YES;
				CLANG_WARN_COMMA = YES;
				CLANG_WARN_CONSTANT_CONVERSION = YES;
				CLANG_WARN_DEPRECATED_OBJC_IMPLEMENTATIONS = YES;
				CLANG_WARN_DIRECT_OBJC_ISA_USAGE = YES_ERROR;
				CLANG_WARN_DOCUMENTATION_COMMENTS = YES;
				CLANG_WARN_EMPTY_BODY = YES;
				CLANG_WARN_ENUM_CONVERSION = YES;
				CLANG_WARN_INFINITE_RECURSION = YES;
				CLANG_WARN_INT_CONVERSION = YES;
				CLANG_WARN_NON_LITERAL_NULL_CONVERSION = YES;
				CLANG_WARN_OBJC_IMPLICIT_RETAIN_SELF = YES;
				CLANG_WARN_OBJC_LITERAL_CONVERSION = YES;
				CLANG_WARN_OBJC_ROOT_CLASS = YES_ERROR;
				CLANG_WARN_QUOTED_INCLUDE_IN_FRAMEWORK_HEADER = YES;
				CLANG_WARN_RANGE_LOOP_ANALYSIS = YES;
				CLANG_WARN_STRICT_PROTOTYPES = YES;
				CLANG_WARN_SUSPICIOUS_MOVE = YES;
				CLANG_WARN_UNGUARDED_AVAILABILITY = YES_AGGRESSIVE;
				CLANG_WARN_UNREACHABLE_CODE = YES;
				CLANG_WARN__DUPLICATE_METHOD_MATCH = YES;
				COPY_PHASE_STRIP = NO;
				DEBUG_INFORMATION_FORMAT = dwarf;
				ENABLE_STRICT_OBJC_MSGSEND = YES;
				ENABLE_TESTABILITY = YES;
				GCC_C_LANGUAGE_STANDARD = gnu11;
				GCC_DYNAMIC_NO_PIC = NO;
				GCC_NO_COMMON_BLOCKS = YES;
				GCC_OPTIMIZATION_LEVEL = 0;
				GCC_PREPROCESSOR_DEFINITIONS = (
					"DEBUG=1",
					"$(inherited)",
				);
				GCC_WARN_64_TO_32_BIT_CONVERSION = YES;
				GCC_WARN_ABOUT_RETURN_TYPE = YES_ERROR;
				GCC_WARN_UNDECLARED_SELECTOR = YES;
				GCC_WARN_UNINITIALIZED_AUTOS = YES_AGGRESSIVE;
				GCC_WARN_UNUSED_FUNCTION = YES;
				GCC_WARN_UNUSED_VARIABLE = YES;
				IPHONEOS_DEPLOYMENT_TARGET = 14.4;
				MTL_ENABLE_DEBUG_INFO = INCLUDE_SOURCE;
				MTL_FAST_MATH = YES;
				ONLY_ACTIVE_ARCH = YES;
				SDKROOT = iphoneos;
				SWIFT_ACTIVE_COMPILATION_CONDITIONS = DEBUG;
				SWIFT_OPTIMIZATION_LEVEL = "-Onone";
			};
			name = Debug;
		};
		89CDE58A260085F60001143F /* Release */ = {
			isa = XCBuildConfiguration;
			buildSettings = {
				ALWAYS_SEARCH_USER_PATHS = NO;
				CLANG_ANALYZER_NONNULL = YES;
				CLANG_ANALYZER_NUMBER_OBJECT_CONVERSION = YES_AGGRESSIVE;
				CLANG_CXX_LANGUAGE_STANDARD = "gnu++14";
				CLANG_CXX_LIBRARY = "libc++";
				CLANG_ENABLE_MODULES = YES;
				CLANG_ENABLE_OBJC_ARC = YES;
				CLANG_ENABLE_OBJC_WEAK = YES;
				CLANG_WARN_BLOCK_CAPTURE_AUTORELEASING = YES;
				CLANG_WARN_BOOL_CONVERSION = YES;
				CLANG_WARN_COMMA = YES;
				CLANG_WARN_CONSTANT_CONVERSION = YES;
				CLANG_WARN_DEPRECATED_OBJC_IMPLEMENTATIONS = YES;
				CLANG_WARN_DIRECT_OBJC_ISA_USAGE = YES_ERROR;
				CLANG_WARN_DOCUMENTATION_COMMENTS = YES;
				CLANG_WARN_EMPTY_BODY = YES;
				CLANG_WARN_ENUM_CONVERSION = YES;
				CLANG_WARN_INFINITE_RECURSION = YES;
				CLANG_WARN_INT_CONVERSION = YES;
				CLANG_WARN_NON_LITERAL_NULL_CONVERSION = YES;
				CLANG_WARN_OBJC_IMPLICIT_RETAIN_SELF = YES;
				CLANG_WARN_OBJC_LITERAL_CONVERSION = YES;
				CLANG_WARN_OBJC_ROOT_CLASS = YES_ERROR;
				CLANG_WARN_QUOTED_INCLUDE_IN_FRAMEWORK_HEADER = YES;
				CLANG_WARN_RANGE_LOOP_ANALYSIS = YES;
				CLANG_WARN_STRICT_PROTOTYPES = YES;
				CLANG_WARN_SUSPICIOUS_MOVE = YES;
				CLANG_WARN_UNGUARDED_AVAILABILITY = YES_AGGRESSIVE;
				CLANG_WARN_UNREACHABLE_CODE = YES;
				CLANG_WARN__DUPLICATE_METHOD_MATCH = YES;
				COPY_PHASE_STRIP = NO;
				DEBUG_INFORMATION_FORMAT = "dwarf-with-dsym";
				ENABLE_NS_ASSERTIONS = NO;
				ENABLE_STRICT_OBJC_MSGSEND = YES;
				GCC_C_LANGUAGE_STANDARD = gnu11;
				GCC_NO_COMMON_BLOCKS = YES;
				GCC_WARN_64_TO_32_BIT_CONVERSION = YES;
				GCC_WARN_ABOUT_RETURN_TYPE = YES_ERROR;
				GCC_WARN_UNDECLARED_SELECTOR = YES;
				GCC_WARN_UNINITIALIZED_AUTOS = YES_AGGRESSIVE;
				GCC_WARN_UNUSED_FUNCTION = YES;
				GCC_WARN_UNUSED_VARIABLE = YES;
				IPHONEOS_DEPLOYMENT_TARGET = 14.4;
				MTL_ENABLE_DEBUG_INFO = NO;
				MTL_FAST_MATH = YES;
				SDKROOT = iphoneos;
				SWIFT_COMPILATION_MODE = wholemodule;
				SWIFT_OPTIMIZATION_LEVEL = "-O";
				VALIDATE_PRODUCT = YES;
			};
			name = Release;
		};
		89CDE58C260085F60001143F /* Debug */ = {
			isa = XCBuildConfiguration;
			buildSettings = {
				ASSETCATALOG_COMPILER_APPICON_NAME = AppIcon;
				ASSETCATALOG_COMPILER_GLOBAL_ACCENT_COLOR_NAME = AccentColor;
				CODE_SIGN_STYLE = Automatic;
				DEVELOPMENT_TEAM = NCRHX8TKM2;
				INFOPLIST_FILE = timerApp/Info.plist;
				LD_RUNPATH_SEARCH_PATHS = (
					"$(inherited)",
					"@executable_path/Frameworks",
				);
				PRODUCT_BUNDLE_IDENTIFIER = jcg.timerApp;
				PRODUCT_NAME = "$(TARGET_NAME)";
				SWIFT_VERSION = 5.0;
				TARGETED_DEVICE_FAMILY = "1,2";
			};
			name = Debug;
		};
		89CDE58D260085F60001143F /* Release */ = {
			isa = XCBuildConfiguration;
			buildSettings = {
				ASSETCATALOG_COMPILER_APPICON_NAME = AppIcon;
				ASSETCATALOG_COMPILER_GLOBAL_ACCENT_COLOR_NAME = AccentColor;
				CODE_SIGN_STYLE = Automatic;
				DEVELOPMENT_TEAM = NCRHX8TKM2;
				INFOPLIST_FILE = timerApp/Info.plist;
				LD_RUNPATH_SEARCH_PATHS = (
					"$(inherited)",
					"@executable_path/Frameworks",
				);
				PRODUCT_BUNDLE_IDENTIFIER = jcg.timerApp;
				PRODUCT_NAME = "$(TARGET_NAME)";
				SWIFT_VERSION = 5.0;
				TARGETED_DEVICE_FAMILY = "1,2";
			};
			name = Release;
		};
/* End XCBuildConfiguration section */

/* Begin XCConfigurationList section */
		89CDE572260085F50001143F /* Build configuration list for PBXProject "timerApp" */ = {
			isa = XCConfigurationList;
			buildConfigurations = (
				89CDE589260085F60001143F /* Debug */,
				89CDE58A260085F60001143F /* Release */,
			);
			defaultConfigurationIsVisible = 0;
			defaultConfigurationName = Release;
		};
		89CDE58B260085F60001143F /* Build configuration list for PBXNativeTarget "timerApp" */ = {
			isa = XCConfigurationList;
			buildConfigurations = (
				89CDE58C260085F60001143F /* Debug */,
				89CDE58D260085F60001143F /* Release */,
			);
			defaultConfigurationIsVisible = 0;
			defaultConfigurationName = Release;
		};
/* End XCConfigurationList section */
	};
	rootObject = 89CDE56F260085F50001143F /* Project object */;
}
